{
  "name": "printshop-starter-kit",
  "version": "1.0.0",
  "lockfileVersion": 1,
  "requires": true,
  "dependencies": {
    "@babel/polyfill": {
      "version": "7.12.1",
      "resolved": "https://registry.npmjs.org/@babel/polyfill/-/polyfill-7.12.1.tgz",
      "integrity": "sha512-X0pi0V6gxLi6lFZpGmeNa4zxtwEmCs42isWLNjZZDE0Y8yVfgu0T2OAHlzBbdYlqbW/YXVvoBHpATEM+goCj8g==",
      "requires": {
        "core-js": "^2.6.5",
        "regenerator-runtime": "^0.13.4"
      }
    },
    "@babel/runtime": {
      "version": "7.16.5",
      "resolved": "https://registry.npmjs.org/@babel/runtime/-/runtime-7.16.5.tgz",
      "integrity": "sha512-TXWihFIS3Pyv5hzR7j6ihmeLkZfrXGxAr5UfSl8CHf+6q/wpiYDkUau0czckpYG8QmnCIuPpdLtuA9VmuGGyMA==",
      "requires": {
        "regenerator-runtime": "^0.13.4"
      }
    },
    "anymatch": {
      "version": "3.1.2",
      "resolved": "https://registry.npmjs.org/anymatch/-/anymatch-3.1.2.tgz",
      "integrity": "sha512-P43ePfOAIupkguHUycrc4qJ9kz8ZiuOUijaETwX7THt0Y/GNK7v0aa8rY816xWjZ7rJdA5XdMcpVFTKMq+RvWg==",
      "requires": {
        "normalize-path": "^3.0.0",
        "picomatch": "^2.0.4"
      }
    },
    "autoprefixer": {
      "version": "10.4.0",
      "resolved": "https://registry.npmjs.org/autoprefixer/-/autoprefixer-10.4.0.tgz",
      "integrity": "sha512-7FdJ1ONtwzV1G43GDD0kpVMn/qbiNqyOPMFTX5nRffI+7vgWoFEc6DcXOxHJxrWNDXrZh18eDsZjvZGUljSRGA==",
      "requires": {
        "browserslist": "^4.17.5",
        "caniuse-lite": "^1.0.30001272",
        "fraction.js": "^4.1.1",
        "normalize-range": "^0.1.2",
        "picocolors": "^1.0.0",
        "postcss-value-parser": "^4.1.0"
      }
    },
    "binary-extensions": {
      "version": "2.2.0",
      "resolved": "https://registry.npmjs.org/binary-extensions/-/binary-extensions-2.2.0.tgz",
      "integrity": "sha512-jDctJ/IVQbZoJykoeHbhXpOlNBqGNcwXJKJog42E5HDPUwQTSdjCHdihjj0DlnheQ7blbT6dHOafNAiS8ooQKA=="
    },
    "braces": {
      "version": "3.0.2",
      "resolved": "https://registry.npmjs.org/braces/-/braces-3.0.2.tgz",
      "integrity": "sha512-b8um+L1RzM3WDSzvhm6gIz1yfTbBt6YTlcEKAvsmqCZZFw46z626lVj9j1yEPW33H5H+lBQpZMP1k8l+78Ha0A==",
      "requires": {
        "fill-range": "^7.0.1"
      }
    },
    "browserslist": {
      "version": "4.19.1",
      "resolved": "https://registry.npmjs.org/browserslist/-/browserslist-4.19.1.tgz",
      "integrity": "sha512-u2tbbG5PdKRTUoctO3NBD8FQ5HdPh1ZXPHzp1rwaa5jTc+RV9/+RlWiAIKmjRPQF+xbGM9Kklj5bZQFa2s/38A==",
      "requires": {
        "caniuse-lite": "^1.0.30001286",
        "electron-to-chromium": "^1.4.17",
        "escalade": "^3.1.1",
        "node-releases": "^2.0.1",
        "picocolors": "^1.0.0"
      }
    },
    "caniuse-lite": {
      "version": "1.0.30001292",
      "resolved": "https://registry.npmjs.org/caniuse-lite/-/caniuse-lite-1.0.30001292.tgz",
      "integrity": "sha512-jnT4Tq0Q4ma+6nncYQVe7d73kmDmE9C3OGTx3MvW7lBM/eY1S1DZTMBON7dqV481RhNiS5OxD7k9JQvmDOTirw=="
    },
    "chokidar": {
      "version": "3.5.2",
      "resolved": "https://registry.npmjs.org/chokidar/-/chokidar-3.5.2.tgz",
      "integrity": "sha512-ekGhOnNVPgT77r4K/U3GDhu+FQ2S8TnK/s2KbIGXi0SZWuwkZ2QNyfWdZW+TVfn84DpEP7rLeCt2UI6bJ8GwbQ==",
      "requires": {
        "anymatch": "~3.1.2",
        "braces": "~3.0.2",
        "fsevents": "~2.3.2",
        "glob-parent": "~5.1.2",
        "is-binary-path": "~2.1.0",
        "is-glob": "~4.0.1",
        "normalize-path": "~3.0.0",
        "readdirp": "~3.6.0"
      }
    },
    "clear-cut": {
      "version": "2.0.2",
      "resolved": "https://registry.npmjs.org/clear-cut/-/clear-cut-2.0.2.tgz",
      "integrity": "sha1-CC2zLsqkSjWKewhoUv4dVIC77tE="
    },
    "core-js": {
      "version": "2.6.12",
      "resolved": "https://registry.npmjs.org/core-js/-/core-js-2.6.12.tgz",
      "integrity": "sha512-Kb2wC0fvsWfQrgk8HU5lW6U/Lcs8+9aaYcy4ZFc6DDlo4nZ7n70dEgE5rtR0oG6ufKDUnrwfWL1mXR5ljDatrQ=="
    },
    "css-tree": {
      "version": "1.1.3",
      "resolved": "https://registry.npmjs.org/css-tree/-/css-tree-1.1.3.tgz",
      "integrity": "sha512-tRpdppF7TRazZrjJ6v3stzv93qxRcSsFmW6cX0Zm2NVKpxE1WV1HblnghVv9TreireHkqI/VDEsfolRF1p6y7Q==",
      "requires": {
        "mdn-data": "2.0.14",
        "source-map": "^0.6.1"
      }
    },
    "d": {
      "version": "1.0.1",
      "resolved": "https://registry.npmjs.org/d/-/d-1.0.1.tgz",
      "integrity": "sha512-m62ShEObQ39CfralilEQRjH6oAMtNCV1xJyEx5LpRYUVN+EviphDgUc/F3hnYbADmkiNs67Y+3ylmlG7Lnu+FA==",
      "requires": {
        "es5-ext": "^0.10.50",
        "type": "^1.0.1"
      }
    },
    "electron-to-chromium": {
      "version": "1.4.27",
      "resolved": "https://registry.npmjs.org/electron-to-chromium/-/electron-to-chromium-1.4.27.tgz",
      "integrity": "sha512-uZ95szi3zUbzRDx1zx/xnsCG+2xgZyy57pDOeaeO4r8zx5Dqe8Jv1ti8cunvBwJHVI5LzPuw8umKwZb3WKYxSQ=="
    },
    "es5-ext": {
      "version": "0.10.53",
      "resolved": "https://registry.npmjs.org/es5-ext/-/es5-ext-0.10.53.tgz",
      "integrity": "sha512-Xs2Stw6NiNHWypzRTY1MtaG/uJlwCk8kH81920ma8mvN8Xq1gsfhZvpkImLQArw8AHnv8MT2I45J3c0R8slE+Q==",
      "requires": {
        "es6-iterator": "~2.0.3",
        "es6-symbol": "~3.1.3",
        "next-tick": "~1.0.0"
      }
    },
    "es6-iterator": {
      "version": "2.0.3",
      "resolved": "https://registry.npmjs.org/es6-iterator/-/es6-iterator-2.0.3.tgz",
      "integrity": "sha1-p96IkUGgWpSwhUQDstCg+/qY87c=",
      "requires": {
        "d": "1",
        "es5-ext": "^0.10.35",
        "es6-symbol": "^3.1.1"
      }
    },
    "es6-symbol": {
      "version": "3.1.3",
      "resolved": "https://registry.npmjs.org/es6-symbol/-/es6-symbol-3.1.3.tgz",
      "integrity": "sha512-NJ6Yn3FuDinBaBRWl/q5X/s4koRHBrgKAu+yGI6JCBeiu3qrcbJhwT2GeR/EXVfylRk8dpQVJoLEFhK+Mu31NA==",
      "requires": {
        "d": "^1.0.1",
        "ext": "^1.1.2"
      }
    },
    "escalade": {
      "version": "3.1.1",
      "resolved": "https://registry.npmjs.org/escalade/-/escalade-3.1.1.tgz",
      "integrity": "sha512-k0er2gUkLf8O0zKJiAhmkTnJlTvINGv7ygDNPbeIsX/TJjGJZHuh9B2UxbsaEkmlEo9MfhrSzmhIlhRlI2GXnw=="
    },
    "event-emitter": {
      "version": "0.3.5",
      "resolved": "https://registry.npmjs.org/event-emitter/-/event-emitter-0.3.5.tgz",
      "integrity": "sha1-34xp7vFkeSPHFXuc6DhAYQsCzDk=",
      "requires": {
        "d": "1",
        "es5-ext": "~0.10.14"
      }
    },
    "ext": {
      "version": "1.6.0",
      "resolved": "https://registry.npmjs.org/ext/-/ext-1.6.0.tgz",
      "integrity": "sha512-sdBImtzkq2HpkdRLtlLWDa6w4DX22ijZLKx8BMPUuKe1c5lbN6xwQDQCxSfxBQnHZ13ls/FH0MQZx/q/gr6FQg==",
      "requires": {
        "type": "^2.5.0"
      },
      "dependencies": {
        "type": {
          "version": "2.5.0",
          "resolved": "https://registry.npmjs.org/type/-/type-2.5.0.tgz",
          "integrity": "sha512-180WMDQaIMm3+7hGXWf12GtdniDEy7nYcyFMKJn/eZz/6tSLXrUN9V0wKSbMjej0I1WHWbpREDEKHtqPQa9NNw=="
        }
      }
    },
    "fill-range": {
      "version": "7.0.1",
      "resolved": "https://registry.npmjs.org/fill-range/-/fill-range-7.0.1.tgz",
      "integrity": "sha512-qOo9F+dMUmC2Lcb4BbVvnKJxTPjCm+RRpe4gDuGrzkL7mEVl/djYSu2OdQ2Pa302N4oqkSg9ir6jaLWJ2USVpQ==",
      "requires": {
        "to-regex-range": "^5.0.1"
      }
    },
    "fraction.js": {
      "version": "4.1.2",
      "resolved": "https://registry.npmjs.org/fraction.js/-/fraction.js-4.1.2.tgz",
      "integrity": "sha512-o2RiJQ6DZaR/5+Si0qJUIy637QMRudSi9kU/FFzx9EZazrIdnBgpU+3sEWCxAVhH2RtxW2Oz+T4p2o8uOPVcgA=="
    },
    "fsevents": {
      "version": "2.3.2",
      "resolved": "https://registry.npmjs.org/fsevents/-/fsevents-2.3.2.tgz",
      "integrity": "sha512-xiqMQR4xAeHTuB9uWm+fFRcIOgKBMiOBP+eXiyT7jsgVCq1bkVygt00oASowB7EdtpOHaaPgKt812P9ab+DDKA==",
      "optional": true
    },
    "glob-parent": {
      "version": "5.1.2",
      "resolved": "https://registry.npmjs.org/glob-parent/-/glob-parent-5.1.2.tgz",
      "integrity": "sha512-AOIgSQCepiJYwP3ARnGx+5VnTu2HBYdzbGP45eLw1vr3zB3vZLeyed1sC9hnbcOc9/SrMyM5RPQrkGz4aS9Zow==",
      "requires": {
        "is-glob": "^4.0.1"
      }
    },
    "hyphenopoly": {
      "version": "5.0.0-beta.2",
      "resolved": "https://registry.npmjs.org/hyphenopoly/-/hyphenopoly-5.0.0-beta.2.tgz",
      "integrity": "sha512-cdqEuSi2YINo699nipmu3lfMWzXbygOfyuwpwreb5Y3J5t0AREC9yXxOSas7yxpuIE+IQdWCnqn/Ahb+m40Ipg=="
    },
    "immutable": {
      "version": "4.0.0",
      "resolved": "https://registry.npmjs.org/immutable/-/immutable-4.0.0.tgz",
      "integrity": "sha512-zIE9hX70qew5qTUjSS7wi1iwj/l7+m54KWU247nhM3v806UdGj1yDndXj+IOYxxtW9zyLI+xqFNZjTuDaLUqFw=="
    },
    "is-binary-path": {
      "version": "2.1.0",
      "resolved": "https://registry.npmjs.org/is-binary-path/-/is-binary-path-2.1.0.tgz",
      "integrity": "sha512-ZMERYes6pDydyuGidse7OsHxtbI7WVeUEozgR/g7rd0xUimYNlvZRE/K2MgZTjWy725IfelLeVcEM97mmtRGXw==",
      "requires": {
        "binary-extensions": "^2.0.0"
      }
    },
    "is-extglob": {
      "version": "2.1.1",
      "resolved": "https://registry.npmjs.org/is-extglob/-/is-extglob-2.1.1.tgz",
      "integrity": "sha1-qIwCU1eR8C7TfHahueqXc8gz+MI="
    },
    "is-glob": {
      "version": "4.0.3",
      "resolved": "https://registry.npmjs.org/is-glob/-/is-glob-4.0.3.tgz",
      "integrity": "sha512-xelSayHH36ZgE7ZWhli7pW34hNbNl8Ojv5KVmkJD4hBdD3th8Tfk9vYasLM+mXWOZhFkgZfxhLSnrwRr4elSSg==",
      "requires": {
        "is-extglob": "^2.1.1"
      }
    },
    "is-number": {
      "version": "7.0.0",
      "resolved": "https://registry.npmjs.org/is-number/-/is-number-7.0.0.tgz",
      "integrity": "sha512-41Cifkg6e8TylSpdtTpeLVMqvSBEVzTttHvERD741+pnZ8ANv0004MRL43QKPDlK9cGvNp6NZWZUBlbGXYxxng=="
    },
    "mdn-data": {
      "version": "2.0.14",
      "resolved": "https://registry.npmjs.org/mdn-data/-/mdn-data-2.0.14.tgz",
      "integrity": "sha512-dn6wd0uw5GsdswPFfsgMp5NSB0/aDe6fK94YJV/AJDYXL6HVLWBsxeq7js7Ad+mU2K9LAlwpk6kN2D5mwCPVow=="
    },
    "nanoid": {
      "version": "3.1.30",
      "resolved": "https://registry.npmjs.org/nanoid/-/nanoid-3.1.30.tgz",
      "integrity": "sha512-zJpuPDwOv8D2zq2WRoMe1HsfZthVewpel9CAvTfc/2mBD1uUT/agc5f7GHGWXlYkFvi1mVxe4IjvP2HNrop7nQ=="
    },
    "next-tick": {
      "version": "1.0.0",
      "resolved": "https://registry.npmjs.org/next-tick/-/next-tick-1.0.0.tgz",
      "integrity": "sha1-yobR/ogoFpsBICCOPchCS524NCw="
    },
    "node-releases": {
      "version": "2.0.1",
      "resolved": "https://registry.npmjs.org/node-releases/-/node-releases-2.0.1.tgz",
      "integrity": "sha512-CqyzN6z7Q6aMeF/ktcMVTzhAHCEpf8SOarwpzpf8pNBY2k5/oM34UHldUwp8VKI7uxct2HxSRdJjBaZeESzcxA=="
    },
    "normalize-path": {
      "version": "3.0.0",
      "resolved": "https://registry.npmjs.org/normalize-path/-/normalize-path-3.0.0.tgz",
      "integrity": "sha512-6eZs5Ls3WtCisHWp9S2GUy8dqkpGi4BVSz3GaqiE6ezub0512ESztXUwUB6C6IKbQkY2Pnb/mD4WYojCRwcwLA=="
    },
    "normalize-range": {
      "version": "0.1.2",
      "resolved": "https://registry.npmjs.org/normalize-range/-/normalize-range-0.1.2.tgz",
      "integrity": "sha1-LRDAa9/TEuqXd2laTShDlFa3WUI="
    },
    "pagedjs": {
      "version": "0.2.0",
      "resolved": "https://registry.npmjs.org/pagedjs/-/pagedjs-0.2.0.tgz",
      "integrity": "sha512-1vR3vI6kqKomYGeKruhtseJIgmKAmPDYMNWMYqOmQBaQynvCqz7ETi68/nhMOcwTO47jtVlBiDWww9GzjAsqAQ==",
      "requires": {
        "@babel/polyfill": "^7.10.1",
        "@babel/runtime": "^7.14.0",
        "clear-cut": "^2.0.2",
        "css-tree": "^1.1.3",
        "event-emitter": "^0.3.5"
      }
    },
    "picocolors": {
      "version": "1.0.0",
      "resolved": "https://registry.npmjs.org/picocolors/-/picocolors-1.0.0.tgz",
      "integrity": "sha512-1fygroTLlHu66zi26VoTDv8yRgm0Fccecssto+MhsZ0D/DGW2sm8E8AjW7NU5VVTRt5GxbeZ5qBuJr+HyLYkjQ=="
    },
    "picomatch": {
      "version": "2.3.0",
      "resolved": "https://registry.npmjs.org/picomatch/-/picomatch-2.3.0.tgz",
      "integrity": "sha512-lY1Q/PiJGC2zOv/z391WOTD+Z02bCgsFfvxoXXf6h7kv9o+WmsmzYqrAwY63sNgOxE4xEdq0WyUnXfKeBrSvYw=="
    },
    "postcss": {
      "version": "8.4.5",
      "resolved": "https://registry.npmjs.org/postcss/-/postcss-8.4.5.tgz",
      "integrity": "sha512-jBDboWM8qpaqwkMwItqTQTiFikhs/67OYVvblFFTM7MrZjt6yMKd6r2kgXizEbTTljacm4NldIlZnhbjr84QYg==",
      "requires": {
        "nanoid": "^3.1.30",
        "picocolors": "^1.0.0",
        "source-map-js": "^1.0.1"
      }
    },
    "postcss-value-parser": {
      "version": "4.2.0",
      "resolved": "https://registry.npmjs.org/postcss-value-parser/-/postcss-value-parser-4.2.0.tgz",
      "integrity": "sha512-1NNCs6uurfkVbeXG4S8JFT9t19m45ICnif8zWLd5oPSZ50QnwMfK+H3jv408d4jw/7Bttv5axS5IiHoLaVNHeQ=="
    },
    "readdirp": {
      "version": "3.6.0",
      "resolved": "https://registry.npmjs.org/readdirp/-/readdirp-3.6.0.tgz",
      "integrity": "sha512-hOS089on8RduqdbhvQ5Z37A0ESjsqz6qnRcffsMU3495FuTdqSm+7bhJ29JvIOsBDEEnan5DPu9t3To9VRlMzA==",
      "requires": {
        "picomatch": "^2.2.1"
      }
    },
    "regenerator-runtime": {
      "version": "0.13.9",
      "resolved": "https://registry.npmjs.org/regenerator-runtime/-/regenerator-runtime-0.13.9.tgz",
      "integrity": "sha512-p3VT+cOEgxFsRRA9X4lkI1E+k2/CtnKtU4gcxyaCUreilL/vqI6CdZ3wxVUx3UOUg+gnUOQQcRI7BmSI656MYA=="
    },
    "sass": {
      "version": "1.45.1",
      "resolved": "https://registry.npmjs.org/sass/-/sass-1.45.1.tgz",
      "integrity": "sha512-pwPRiq29UR0o4X3fiQyCtrESldXvUQAAE0QmcJTpsI4kuHHcLzZ54M1oNBVIXybQv8QF2zfkpFcTxp8ta97dUA==",
      "requires": {
        "chokidar": ">=3.0.0 <4.0.0",
        "immutable": "^4.0.0",
        "source-map-js": ">=0.6.2 <2.0.0"
      }
    },
    "source-map": {
      "version": "0.6.1",
      "resolved": "https://registry.npmjs.org/source-map/-/source-map-0.6.1.tgz",
      "integrity": "sha512-UjgapumWlbMhkBgzT7Ykc5YXUT46F0iKu8SGXq0bcwP5dz/h0Plj6enJqjz1Zbq2l5WaqYnrVbwWOWMyF3F47g=="
    },
    "source-map-js": {
      "version": "1.0.1",
      "resolved": "https://registry.npmjs.org/source-map-js/-/source-map-js-1.0.1.tgz",
      "integrity": "sha512-4+TN2b3tqOCd/kaGRJ/sTYA0tR0mdXx26ipdolxcwtJVqEnqNYvlCAt1q3ypy4QMlYus+Zh34RNtYLoq2oQ4IA=="
    },
    "to-regex-range": {
      "version": "5.0.1",
      "resolved": "https://registry.npmjs.org/to-regex-range/-/to-regex-range-5.0.1.tgz",
      "integrity": "sha512-65P7iz6X5yEr1cwcgvQxbbIw7Uk3gOy5dIdtZ4rDveLqhrdJP+Li/Hx6tyK0NEb+2GCyneCMJiGqrADCSNk8sQ==",
      "requires": {
        "is-number": "^7.0.0"
      }
    },
    "type": {
      "version": "1.2.0",
      "resolved": "https://registry.npmjs.org/type/-/type-1.2.0.tgz",
      "integrity": "sha512-+5nt5AAniqsCnu2cEQQdpzCAh33kVx8n0VoFidKpB1dVVLAN/F+bgVOqOJqOnEnrhp222clB5p3vUlD+1QAnfg=="
    }
  }
}
